{
  "requires": true,
  "lockfileVersion": 1,
  "dependencies": {
    "safe-memory-cache": {
      "version": "2.0.0",
      "resolved": "https://registry.npmjs.org/safe-memory-cache/-/safe-memory-cache-2.0.0.tgz",
      "integrity": "sha512-49YT3x2WpAQ5gYhYpHaZdOLJwqgePkbRpPZXHHzLtRObVJXkgyoAg74jvJA6r3KCeQYw8x09o9b5bQK3LPC1BA=="
    }
  }
}
