{
  "name": "csp-report-lite",
  "version": "2.1.0",
  "lockfileVersion": 1,
  "requires": true,
  "dependencies": {
    "@types/node": {
      "version": "14.0.5",
      "resolved": "https://registry.npmjs.org/@types/node/-/node-14.0.5.tgz",
      "integrity": "sha512-90hiq6/VqtQgX8Sp0EzeIsv3r+ellbGj4URKj5j30tLlZvRUpnAe9YbYnjl3pJM93GyXU0tghHhvXHq+5rnCKA==",
      "dev": true
    },
    "safe-memory-cache": {
      "version": "2.0.0",
      "resolved": "https://registry.npmjs.org/safe-memory-cache/-/safe-memory-cache-2.0.0.tgz",
      "integrity": "sha512-49YT3x2WpAQ5gYhYpHaZdOLJwqgePkbRpPZXHHzLtRObVJXkgyoAg74jvJA6r3KCeQYw8x09o9b5bQK3LPC1BA=="
    },
    "tsd-jsdoc": {
      "version": "2.5.0",
      "resolved": "https://registry.npmjs.org/tsd-jsdoc/-/tsd-jsdoc-2.5.0.tgz",
      "integrity": "sha512-80fcJLAiUeerg4xPftp+iEEKWUjJjHk9AvcHwJqA8Zw0R4oASdu3kT/plE/Zj19QUTz8KupyOX25zStlNJjS9g==",
      "dev": true,
      "requires": {
        "typescript": "^3.2.1"
      }
    },
    "typescript": {
      "version": "3.9.3",
      "resolved": "https://registry.npmjs.org/typescript/-/typescript-3.9.3.tgz",
      "integrity": "sha512-D/wqnB2xzNFIcoBG9FG8cXRDjiqSTbG2wd8DMZeQyJlP1vfTkIxH4GKveWaEBYySKIg+USu+E+EDIR47SqnaMQ==",
      "dev": true
    }
  }
}
